// !$*UTF8*$!
{
	archiveVersion = 1;
	classes = {
	};
	objectVersion = 52;
	objects = {

/* Begin PBXBuildFile section */
		998835D924A3417400B2CF7A /* KeychainAccess in Frameworks */ = {isa = PBXBuildFile; productRef = 998835D824A3417400B2CF7A /* KeychainAccess */; };
		998835DC24A3427700B2CF7A /* SwiftyJSON in Frameworks */ = {isa = PBXBuildFile; productRef = 998835DB24A3427700B2CF7A /* SwiftyJSON */; };
		998835E024A3455000B2CF7A /* SimplePingAdapter.swift in Sources */ = {isa = PBXBuildFile; fileRef = 998835DE24A3455000B2CF7A /* SimplePingAdapter.swift */; };
		998835E124A3455000B2CF7A /* PlainPing.swift in Sources */ = {isa = PBXBuildFile; fileRef = 998835DF24A3455000B2CF7A /* PlainPing.swift */; };
		998835E724A3459000B2CF7A /* SimplePing.m in Sources */ = {isa = PBXBuildFile; fileRef = 998835E624A3459000B2CF7A /* SimplePing.m */; };
		E2672FA820BA88DD0029C019 /* AppDelegate.swift in Sources */ = {isa = PBXBuildFile; fileRef = E2672FA720BA88DD0029C019 /* AppDelegate.swift */; };
		E2672FAA20BA88DD0029C019 /* ViewController.swift in Sources */ = {isa = PBXBuildFile; fileRef = E2672FA920BA88DD0029C019 /* ViewController.swift */; };
		E2672FAC20BA88DE0029C019 /* Assets.xcassets in Resources */ = {isa = PBXBuildFile; fileRef = E2672FAB20BA88DE0029C019 /* Assets.xcassets */; };
		E2672FAF20BA88DE0029C019 /* Main.storyboard in Resources */ = {isa = PBXBuildFile; fileRef = E2672FAD20BA88DE0029C019 /* Main.storyboard */; };
		E2672FBB20BA88DE0029C019 /* WhyFiMacTests.swift in Sources */ = {isa = PBXBuildFile; fileRef = E2672FBA20BA88DE0029C019 /* WhyFiMacTests.swift */; };
		E2672FC620BA88DE0029C019 /* WhyFiMacUITests.swift in Sources */ = {isa = PBXBuildFile; fileRef = E2672FC520BA88DE0029C019 /* WhyFiMacUITests.swift */; };
		E2DB2EFC20BABA9000125B9A /* Network.swift in Sources */ = {isa = PBXBuildFile; fileRef = E2DB2EFB20BABA9000125B9A /* Network.swift */; };
/* End PBXBuildFile section */

/* Begin PBXContainerItemProxy section */
		E2672FB720BA88DE0029C019 /* PBXContainerItemProxy */ = {
			isa = PBXContainerItemProxy;
			containerPortal = E2672F9C20BA88DD0029C019 /* Project object */;
			proxyType = 1;
			remoteGlobalIDString = E2672FA320BA88DD0029C019;
			remoteInfo = WhyFiMac;
		};
		E2672FC220BA88DE0029C019 /* PBXContainerItemProxy */ = {
			isa = PBXContainerItemProxy;
			containerPortal = E2672F9C20BA88DD0029C019 /* Project object */;
			proxyType = 1;
			remoteGlobalIDString = E2672FA320BA88DD0029C019;
			remoteInfo = WhyFiMac;
		};
/* End PBXContainerItemProxy section */

/* Begin PBXFileReference section */
		998835DE24A3455000B2CF7A /* SimplePingAdapter.swift */ = {isa = PBXFileReference; fileEncoding = 4; lastKnownFileType = sourcecode.swift; path = SimplePingAdapter.swift; sourceTree = "<group>"; };
		998835DF24A3455000B2CF7A /* PlainPing.swift */ = {isa = PBXFileReference; fileEncoding = 4; lastKnownFileType = sourcecode.swift; path = PlainPing.swift; sourceTree = "<group>"; };
		998835E224A3457E00B2CF7A /* WhyFiMac-Bridging-Header.h */ = {isa = PBXFileReference; lastKnownFileType = sourcecode.c.h; path = "WhyFiMac-Bridging-Header.h"; sourceTree = "<group>"; };
		998835E524A3459000B2CF7A /* SimplePing.h */ = {isa = PBXFileReference; fileEncoding = 4; lastKnownFileType = sourcecode.c.h; path = SimplePing.h; sourceTree = "<group>"; };
		998835E624A3459000B2CF7A /* SimplePing.m */ = {isa = PBXFileReference; fileEncoding = 4; lastKnownFileType = sourcecode.c.objc; path = SimplePing.m; sourceTree = "<group>"; };
		E2672FA420BA88DD0029C019 /* WhyFiMac.app */ = {isa = PBXFileReference; explicitFileType = wrapper.application; includeInIndex = 0; path = WhyFiMac.app; sourceTree = BUILT_PRODUCTS_DIR; };
		E2672FA720BA88DD0029C019 /* AppDelegate.swift */ = {isa = PBXFileReference; lastKnownFileType = sourcecode.swift; path = AppDelegate.swift; sourceTree = "<group>"; };
		E2672FA920BA88DD0029C019 /* ViewController.swift */ = {isa = PBXFileReference; lastKnownFileType = sourcecode.swift; path = ViewController.swift; sourceTree = "<group>"; };
		E2672FAB20BA88DE0029C019 /* Assets.xcassets */ = {isa = PBXFileReference; lastKnownFileType = folder.assetcatalog; path = Assets.xcassets; sourceTree = "<group>"; };
		E2672FAE20BA88DE0029C019 /* Base */ = {isa = PBXFileReference; lastKnownFileType = file.storyboard; name = Base; path = Base.lproj/Main.storyboard; sourceTree = "<group>"; };
		E2672FB020BA88DE0029C019 /* Info.plist */ = {isa = PBXFileReference; lastKnownFileType = text.plist.xml; path = Info.plist; sourceTree = "<group>"; };
		E2672FB120BA88DE0029C019 /* WhyFiMac.entitlements */ = {isa = PBXFileReference; lastKnownFileType = text.plist.entitlements; path = WhyFiMac.entitlements; sourceTree = "<group>"; };
		E2672FB620BA88DE0029C019 /* WhyFiMacTests.xctest */ = {isa = PBXFileReference; explicitFileType = wrapper.cfbundle; includeInIndex = 0; path = WhyFiMacTests.xctest; sourceTree = BUILT_PRODUCTS_DIR; };
		E2672FBA20BA88DE0029C019 /* WhyFiMacTests.swift */ = {isa = PBXFileReference; lastKnownFileType = sourcecode.swift; path = WhyFiMacTests.swift; sourceTree = "<group>"; };
		E2672FBC20BA88DE0029C019 /* Info.plist */ = {isa = PBXFileReference; lastKnownFileType = text.plist.xml; path = Info.plist; sourceTree = "<group>"; };
		E2672FC120BA88DE0029C019 /* WhyFiMacUITests.xctest */ = {isa = PBXFileReference; explicitFileType = wrapper.cfbundle; includeInIndex = 0; path = WhyFiMacUITests.xctest; sourceTree = BUILT_PRODUCTS_DIR; };
		E2672FC520BA88DE0029C019 /* WhyFiMacUITests.swift */ = {isa = PBXFileReference; lastKnownFileType = sourcecode.swift; path = WhyFiMacUITests.swift; sourceTree = "<group>"; };
		E2672FC720BA88DE0029C019 /* Info.plist */ = {isa = PBXFileReference; lastKnownFileType = text.plist.xml; path = Info.plist; sourceTree = "<group>"; };
		E2DB2EFB20BABA9000125B9A /* Network.swift */ = {isa = PBXFileReference; lastKnownFileType = sourcecode.swift; path = Network.swift; sourceTree = "<group>"; };
/* End PBXFileReference section */

/* Begin PBXFrameworksBuildPhase section */
		E2672FA120BA88DD0029C019 /* Frameworks */ = {
			isa = PBXFrameworksBuildPhase;
			buildActionMask = 2147483647;
			files = (
				998835DC24A3427700B2CF7A /* SwiftyJSON in Frameworks */,
				998835D924A3417400B2CF7A /* KeychainAccess in Frameworks */,
			);
			runOnlyForDeploymentPostprocessing = 0;
		};
		E2672FB320BA88DE0029C019 /* Frameworks */ = {
			isa = PBXFrameworksBuildPhase;
			buildActionMask = 2147483647;
			files = (
			);
			runOnlyForDeploymentPostprocessing = 0;
		};
		E2672FBE20BA88DE0029C019 /* Frameworks */ = {
			isa = PBXFrameworksBuildPhase;
			buildActionMask = 2147483647;
			files = (
			);
			runOnlyForDeploymentPostprocessing = 0;
		};
/* End PBXFrameworksBuildPhase section */

/* Begin PBXGroup section */
		998835DD24A3454100B2CF7A /* PlainPing */ = {
			isa = PBXGroup;
			children = (
				998835E524A3459000B2CF7A /* SimplePing.h */,
				998835E624A3459000B2CF7A /* SimplePing.m */,
				998835DF24A3455000B2CF7A /* PlainPing.swift */,
				998835DE24A3455000B2CF7A /* SimplePingAdapter.swift */,
				998835E224A3457E00B2CF7A /* WhyFiMac-Bridging-Header.h */,
			);
			path = PlainPing;
			sourceTree = "<group>";
		};
		D582024E93558889FBAA4A83 /* Frameworks */ = {
			isa = PBXGroup;
			children = (
			);
			name = Frameworks;
			sourceTree = "<group>";
		};
		E2672F9B20BA88DD0029C019 = {
			isa = PBXGroup;
			children = (
				E2672FA620BA88DD0029C019 /* WhyFiMac */,
				E2672FB920BA88DE0029C019 /* WhyFiMacTests */,
				E2672FC420BA88DE0029C019 /* WhyFiMacUITests */,
				E2672FA520BA88DD0029C019 /* Products */,
				D582024E93558889FBAA4A83 /* Frameworks */,
			);
			sourceTree = "<group>";
		};
		E2672FA520BA88DD0029C019 /* Products */ = {
			isa = PBXGroup;
			children = (
				E2672FA420BA88DD0029C019 /* WhyFiMac.app */,
				E2672FB620BA88DE0029C019 /* WhyFiMacTests.xctest */,
				E2672FC120BA88DE0029C019 /* WhyFiMacUITests.xctest */,
			);
			name = Products;
			sourceTree = "<group>";
		};
		E2672FA620BA88DD0029C019 /* WhyFiMac */ = {
			isa = PBXGroup;
			children = (
				998835DD24A3454100B2CF7A /* PlainPing */,
				E2672FA720BA88DD0029C019 /* AppDelegate.swift */,
				E2DB2EFB20BABA9000125B9A /* Network.swift */,
				E2672FA920BA88DD0029C019 /* ViewController.swift */,
				E2672FAB20BA88DE0029C019 /* Assets.xcassets */,
				E2672FAD20BA88DE0029C019 /* Main.storyboard */,
				E2672FB020BA88DE0029C019 /* Info.plist */,
				E2672FB120BA88DE0029C019 /* WhyFiMac.entitlements */,
			);
			path = WhyFiMac;
			sourceTree = "<group>";
		};
		E2672FB920BA88DE0029C019 /* WhyFiMacTests */ = {
			isa = PBXGroup;
			children = (
				E2672FBA20BA88DE0029C019 /* WhyFiMacTests.swift */,
				E2672FBC20BA88DE0029C019 /* Info.plist */,
			);
			path = WhyFiMacTests;
			sourceTree = "<group>";
		};
		E2672FC420BA88DE0029C019 /* WhyFiMacUITests */ = {
			isa = PBXGroup;
			children = (
				E2672FC520BA88DE0029C019 /* WhyFiMacUITests.swift */,
				E2672FC720BA88DE0029C019 /* Info.plist */,
			);
			path = WhyFiMacUITests;
			sourceTree = "<group>";
		};
/* End PBXGroup section */

/* Begin PBXNativeTarget section */
		E2672FA320BA88DD0029C019 /* WhyFiMac */ = {
			isa = PBXNativeTarget;
			buildConfigurationList = E2672FCA20BA88DE0029C019 /* Build configuration list for PBXNativeTarget "WhyFiMac" */;
			buildPhases = (
				E2672FA020BA88DD0029C019 /* Sources */,
				E2672FA120BA88DD0029C019 /* Frameworks */,
				E2672FA220BA88DD0029C019 /* Resources */,
			);
			buildRules = (
			);
			dependencies = (
			);
			name = WhyFiMac;
			packageProductDependencies = (
				998835D824A3417400B2CF7A /* KeychainAccess */,
				998835DB24A3427700B2CF7A /* SwiftyJSON */,
			);
			productName = WhyFiMac;
			productReference = E2672FA420BA88DD0029C019 /* WhyFiMac.app */;
			productType = "com.apple.product-type.application";
		};
		E2672FB520BA88DE0029C019 /* WhyFiMacTests */ = {
			isa = PBXNativeTarget;
			buildConfigurationList = E2672FCD20BA88DE0029C019 /* Build configuration list for PBXNativeTarget "WhyFiMacTests" */;
			buildPhases = (
				3D4408B53DB612B5BB5DC9C0 /* [CP] Check Pods Manifest.lock */,
				E2672FB220BA88DE0029C019 /* Sources */,
				E2672FB320BA88DE0029C019 /* Frameworks */,
				E2672FB420BA88DE0029C019 /* Resources */,
			);
			buildRules = (
			);
			dependencies = (
				E2672FB820BA88DE0029C019 /* PBXTargetDependency */,
			);
			name = WhyFiMacTests;
			productName = WhyFiMacTests;
			productReference = E2672FB620BA88DE0029C019 /* WhyFiMacTests.xctest */;
			productType = "com.apple.product-type.bundle.unit-test";
		};
		E2672FC020BA88DE0029C019 /* WhyFiMacUITests */ = {
			isa = PBXNativeTarget;
			buildConfigurationList = E2672FD020BA88DE0029C019 /* Build configuration list for PBXNativeTarget "WhyFiMacUITests" */;
			buildPhases = (
				984150B765952CBAF619D6A1 /* [CP] Check Pods Manifest.lock */,
				E2672FBD20BA88DE0029C019 /* Sources */,
				E2672FBE20BA88DE0029C019 /* Frameworks */,
				E2672FBF20BA88DE0029C019 /* Resources */,
			);
			buildRules = (
			);
			dependencies = (
				E2672FC320BA88DE0029C019 /* PBXTargetDependency */,
			);
			name = WhyFiMacUITests;
			productName = WhyFiMacUITests;
			productReference = E2672FC120BA88DE0029C019 /* WhyFiMacUITests.xctest */;
			productType = "com.apple.product-type.bundle.ui-testing";
		};
/* End PBXNativeTarget section */

/* Begin PBXProject section */
		E2672F9C20BA88DD0029C019 /* Project object */ = {
			isa = PBXProject;
			attributes = {
				LastSwiftUpdateCheck = 0930;
				LastUpgradeCheck = 0930;
				ORGANIZATIONNAME = Tom;
				TargetAttributes = {
					E2672FA320BA88DD0029C019 = {
						CreatedOnToolsVersion = 9.3.1;
						LastSwiftMigration = 1200;
						SystemCapabilities = {
							com.apple.Sandbox = {
								enabled = 1;
							};
						};
					};
					E2672FB520BA88DE0029C019 = {
						CreatedOnToolsVersion = 9.3.1;
						TestTargetID = E2672FA320BA88DD0029C019;
					};
					E2672FC020BA88DE0029C019 = {
						CreatedOnToolsVersion = 9.3.1;
						TestTargetID = E2672FA320BA88DD0029C019;
					};
				};
			};
			buildConfigurationList = E2672F9F20BA88DD0029C019 /* Build configuration list for PBXProject "WhyFiMac" */;
			compatibilityVersion = "Xcode 9.3";
			developmentRegion = en;
			hasScannedForEncodings = 0;
			knownRegions = (
				en,
				Base,
			);
			mainGroup = E2672F9B20BA88DD0029C019;
			packageReferences = (
				998835D724A3417400B2CF7A /* XCRemoteSwiftPackageReference "KeychainAccess" */,
				998835DA24A3427700B2CF7A /* XCRemoteSwiftPackageReference "SwiftyJSON" */,
			);
			productRefGroup = E2672FA520BA88DD0029C019 /* Products */;
			projectDirPath = "";
			projectRoot = "";
			targets = (
				E2672FA320BA88DD0029C019 /* WhyFiMac */,
				E2672FB520BA88DE0029C019 /* WhyFiMacTests */,
				E2672FC020BA88DE0029C019 /* WhyFiMacUITests */,
			);
		};
/* End PBXProject section */

/* Begin PBXResourcesBuildPhase section */
		E2672FA220BA88DD0029C019 /* Resources */ = {
			isa = PBXResourcesBuildPhase;
			buildActionMask = 2147483647;
			files = (
				E2672FAC20BA88DE0029C019 /* Assets.xcassets in Resources */,
				E2672FAF20BA88DE0029C019 /* Main.storyboard in Resources */,
			);
			runOnlyForDeploymentPostprocessing = 0;
		};
		E2672FB420BA88DE0029C019 /* Resources */ = {
			isa = PBXResourcesBuildPhase;
			buildActionMask = 2147483647;
			files = (
			);
			runOnlyForDeploymentPostprocessing = 0;
		};
		E2672FBF20BA88DE0029C019 /* Resources */ = {
			isa = PBXResourcesBuildPhase;
			buildActionMask = 2147483647;
			files = (
			);
			runOnlyForDeploymentPostprocessing = 0;
		};
/* End PBXResourcesBuildPhase section */

/* Begin PBXShellScriptBuildPhase section */
		3D4408B53DB612B5BB5DC9C0 /* [CP] Check Pods Manifest.lock */ = {
			isa = PBXShellScriptBuildPhase;
			buildActionMask = 2147483647;
			files = (
			);
			inputPaths = (
				"${PODS_PODFILE_DIR_PATH}/Podfile.lock",
				"${PODS_ROOT}/Manifest.lock",
			);
			name = "[CP] Check Pods Manifest.lock";
			outputPaths = (
				"$(DERIVED_FILE_DIR)/Pods-WhyFiMacTests-checkManifestLockResult.txt",
			);
			runOnlyForDeploymentPostprocessing = 0;
			shellPath = /bin/sh;
			shellScript = "diff \"${PODS_PODFILE_DIR_PATH}/Podfile.lock\" \"${PODS_ROOT}/Manifest.lock\" > /dev/null\nif [ $? != 0 ] ; then\n    # print error to STDERR\n    echo \"error: The sandbox is not in sync with the Podfile.lock. Run 'pod install' or update your CocoaPods installation.\" >&2\n    exit 1\nfi\n# This output is used by Xcode 'outputs' to avoid re-running this script phase.\necho \"SUCCESS\" > \"${SCRIPT_OUTPUT_FILE_0}\"\n";
			showEnvVarsInLog = 0;
		};
		984150B765952CBAF619D6A1 /* [CP] Check Pods Manifest.lock */ = {
			isa = PBXShellScriptBuildPhase;
			buildActionMask = 2147483647;
			files = (
			);
			inputPaths = (
				"${PODS_PODFILE_DIR_PATH}/Podfile.lock",
				"${PODS_ROOT}/Manifest.lock",
			);
			name = "[CP] Check Pods Manifest.lock";
			outputPaths = (
				"$(DERIVED_FILE_DIR)/Pods-WhyFiMacUITests-checkManifestLockResult.txt",
			);
			runOnlyForDeploymentPostprocessing = 0;
			shellPath = /bin/sh;
			shellScript = "diff \"${PODS_PODFILE_DIR_PATH}/Podfile.lock\" \"${PODS_ROOT}/Manifest.lock\" > /dev/null\nif [ $? != 0 ] ; then\n    # print error to STDERR\n    echo \"error: The sandbox is not in sync with the Podfile.lock. Run 'pod install' or update your CocoaPods installation.\" >&2\n    exit 1\nfi\n# This output is used by Xcode 'outputs' to avoid re-running this script phase.\necho \"SUCCESS\" > \"${SCRIPT_OUTPUT_FILE_0}\"\n";
			showEnvVarsInLog = 0;
		};
/* End PBXShellScriptBuildPhase section */

/* Begin PBXSourcesBuildPhase section */
		E2672FA020BA88DD0029C019 /* Sources */ = {
			isa = PBXSourcesBuildPhase;
			buildActionMask = 2147483647;
			files = (
				998835E124A3455000B2CF7A /* PlainPing.swift in Sources */,
				E2672FAA20BA88DD0029C019 /* ViewController.swift in Sources */,
				E2DB2EFC20BABA9000125B9A /* Network.swift in Sources */,
				998835E724A3459000B2CF7A /* SimplePing.m in Sources */,
				E2672FA820BA88DD0029C019 /* AppDelegate.swift in Sources */,
				998835E024A3455000B2CF7A /* SimplePingAdapter.swift in Sources */,
			);
			runOnlyForDeploymentPostprocessing = 0;
		};
		E2672FB220BA88DE0029C019 /* Sources */ = {
			isa = PBXSourcesBuildPhase;
			buildActionMask = 2147483647;
			files = (
				E2672FBB20BA88DE0029C019 /* WhyFiMacTests.swift in Sources */,
			);
			runOnlyForDeploymentPostprocessing = 0;
		};
		E2672FBD20BA88DE0029C019 /* Sources */ = {
			isa = PBXSourcesBuildPhase;
			buildActionMask = 2147483647;
			files = (
				E2672FC620BA88DE0029C019 /* WhyFiMacUITests.swift in Sources */,
			);
			runOnlyForDeploymentPostprocessing = 0;
		};
/* End PBXSourcesBuildPhase section */

/* Begin PBXTargetDependency section */
		E2672FB820BA88DE0029C019 /* PBXTargetDependency */ = {
			isa = PBXTargetDependency;
			target = E2672FA320BA88DD0029C019 /* WhyFiMac */;
			targetProxy = E2672FB720BA88DE0029C019 /* PBXContainerItemProxy */;
		};
		E2672FC320BA88DE0029C019 /* PBXTargetDependency */ = {
			isa = PBXTargetDependency;
			target = E2672FA320BA88DD0029C019 /* WhyFiMac */;
			targetProxy = E2672FC220BA88DE0029C019 /* PBXContainerItemProxy */;
		};
/* End PBXTargetDependency section */

/* Begin PBXVariantGroup section */
		E2672FAD20BA88DE0029C019 /* Main.storyboard */ = {
			isa = PBXVariantGroup;
			children = (
				E2672FAE20BA88DE0029C019 /* Base */,
			);
			name = Main.storyboard;
			sourceTree = "<group>";
		};
/* End PBXVariantGroup section */

/* Begin XCBuildConfiguration section */
		E2672FC820BA88DE0029C019 /* Debug */ = {
			isa = XCBuildConfiguration;
			buildSettings = {
				ALWAYS_SEARCH_USER_PATHS = NO;
				CLANG_ANALYZER_NONNULL = YES;
				CLANG_ANALYZER_NUMBER_OBJECT_CONVERSION = YES_AGGRESSIVE;
				CLANG_CXX_LANGUAGE_STANDARD = "gnu++14";
				CLANG_CXX_LIBRARY = "libc++";
				CLANG_ENABLE_MODULES = YES;
				CLANG_ENABLE_OBJC_ARC = YES;
				CLANG_ENABLE_OBJC_WEAK = YES;
				CLANG_WARN_BLOCK_CAPTURE_AUTORELEASING = YES;
				CLANG_WARN_BOOL_CONVERSION = YES;
				CLANG_WARN_COMMA = YES;
				CLANG_WARN_CONSTANT_CONVERSION = YES;
				CLANG_WARN_DEPRECATED_OBJC_IMPLEMENTATIONS = YES;
				CLANG_WARN_DIRECT_OBJC_ISA_USAGE = YES_ERROR;
				CLANG_WARN_DOCUMENTATION_COMMENTS = YES;
				CLANG_WARN_EMPTY_BODY = YES;
				CLANG_WARN_ENUM_CONVERSION = YES;
				CLANG_WARN_INFINITE_RECURSION = YES;
				CLANG_WARN_INT_CONVERSION = YES;
				CLANG_WARN_NON_LITERAL_NULL_CONVERSION = YES;
				CLANG_WARN_OBJC_IMPLICIT_RETAIN_SELF = YES;
				CLANG_WARN_OBJC_LITERAL_CONVERSION = YES;
				CLANG_WARN_OBJC_ROOT_CLASS = YES_ERROR;
				CLANG_WARN_RANGE_LOOP_ANALYSIS = YES;
				CLANG_WARN_STRICT_PROTOTYPES = YES;
				CLANG_WARN_SUSPICIOUS_MOVE = YES;
				CLANG_WARN_UNGUARDED_AVAILABILITY = YES_AGGRESSIVE;
				CLANG_WARN_UNREACHABLE_CODE = YES;
				CLANG_WARN__DUPLICATE_METHOD_MATCH = YES;
				CODE_SIGN_IDENTITY = "-";
				COPY_PHASE_STRIP = NO;
				DEBUG_INFORMATION_FORMAT = dwarf;
				ENABLE_STRICT_OBJC_MSGSEND = YES;
				ENABLE_TESTABILITY = YES;
				GCC_C_LANGUAGE_STANDARD = gnu11;
				GCC_DYNAMIC_NO_PIC = NO;
				GCC_NO_COMMON_BLOCKS = YES;
				GCC_OPTIMIZATION_LEVEL = 0;
				GCC_PREPROCESSOR_DEFINITIONS = (
					"DEBUG=1",
					"$(inherited)",
				);
				GCC_WARN_64_TO_32_BIT_CONVERSION = YES;
				GCC_WARN_ABOUT_RETURN_TYPE = YES_ERROR;
				GCC_WARN_UNDECLARED_SELECTOR = YES;
				GCC_WARN_UNINITIALIZED_AUTOS = YES_AGGRESSIVE;
				GCC_WARN_UNUSED_FUNCTION = YES;
				GCC_WARN_UNUSED_VARIABLE = YES;
				MACOSX_DEPLOYMENT_TARGET = 10.13;
				MTL_ENABLE_DEBUG_INFO = YES;
				ONLY_ACTIVE_ARCH = YES;
				SDKROOT = macosx;
				SWIFT_ACTIVE_COMPILATION_CONDITIONS = DEBUG;
				SWIFT_OPTIMIZATION_LEVEL = "-Onone";
				VALID_ARCHS = "arm64 arm64e x86_64 i386";
			};
			name = Debug;
		};
		E2672FC920BA88DE0029C019 /* Release */ = {
			isa = XCBuildConfiguration;
			buildSettings = {
				ALWAYS_SEARCH_USER_PATHS = NO;
				CLANG_ANALYZER_NONNULL = YES;
				CLANG_ANALYZER_NUMBER_OBJECT_CONVERSION = YES_AGGRESSIVE;
				CLANG_CXX_LANGUAGE_STANDARD = "gnu++14";
				CLANG_CXX_LIBRARY = "libc++";
				CLANG_ENABLE_MODULES = YES;
				CLANG_ENABLE_OBJC_ARC = YES;
				CLANG_ENABLE_OBJC_WEAK = YES;
				CLANG_WARN_BLOCK_CAPTURE_AUTORELEASING = YES;
				CLANG_WARN_BOOL_CONVERSION = YES;
				CLANG_WARN_COMMA = YES;
				CLANG_WARN_CONSTANT_CONVERSION = YES;
				CLANG_WARN_DEPRECATED_OBJC_IMPLEMENTATIONS = YES;
				CLANG_WARN_DIRECT_OBJC_ISA_USAGE = YES_ERROR;
				CLANG_WARN_DOCUMENTATION_COMMENTS = YES;
				CLANG_WARN_EMPTY_BODY = YES;
				CLANG_WARN_ENUM_CONVERSION = YES;
				CLANG_WARN_INFINITE_RECURSION = YES;
				CLANG_WARN_INT_CONVERSION = YES;
				CLANG_WARN_NON_LITERAL_NULL_CONVERSION = YES;
				CLANG_WARN_OBJC_IMPLICIT_RETAIN_SELF = YES;
				CLANG_WARN_OBJC_LITERAL_CONVERSION = YES;
				CLANG_WARN_OBJC_ROOT_CLASS = YES_ERROR;
				CLANG_WARN_RANGE_LOOP_ANALYSIS = YES;
				CLANG_WARN_STRICT_PROTOTYPES = YES;
				CLANG_WARN_SUSPICIOUS_MOVE = YES;
				CLANG_WARN_UNGUARDED_AVAILABILITY = YES_AGGRESSIVE;
				CLANG_WARN_UNREACHABLE_CODE = YES;
				CLANG_WARN__DUPLICATE_METHOD_MATCH = YES;
				CODE_SIGN_IDENTITY = "-";
				COPY_PHASE_STRIP = NO;
				DEBUG_INFORMATION_FORMAT = "dwarf-with-dsym";
				ENABLE_NS_ASSERTIONS = NO;
				ENABLE_STRICT_OBJC_MSGSEND = YES;
				GCC_C_LANGUAGE_STANDARD = gnu11;
				GCC_NO_COMMON_BLOCKS = YES;
				GCC_WARN_64_TO_32_BIT_CONVERSION = YES;
				GCC_WARN_ABOUT_RETURN_TYPE = YES_ERROR;
				GCC_WARN_UNDECLARED_SELECTOR = YES;
				GCC_WARN_UNINITIALIZED_AUTOS = YES_AGGRESSIVE;
				GCC_WARN_UNUSED_FUNCTION = YES;
				GCC_WARN_UNUSED_VARIABLE = YES;
				MACOSX_DEPLOYMENT_TARGET = 10.13;
				MTL_ENABLE_DEBUG_INFO = NO;
				SDKROOT = macosx;
				SWIFT_COMPILATION_MODE = wholemodule;
				SWIFT_OPTIMIZATION_LEVEL = "-O";
				VALID_ARCHS = "arm64 arm64e x86_64 i386";
			};
			name = Release;
		};
		E2672FCB20BA88DE0029C019 /* Debug */ = {
			isa = XCBuildConfiguration;
			buildSettings = {
				ASSETCATALOG_COMPILER_APPICON_NAME = AppIcon;
				CLANG_ENABLE_MODULES = YES;
				CODE_SIGN_ENTITLEMENTS = WhyFiMac/WhyFiMac.entitlements;
				CODE_SIGN_STYLE = Automatic;
				COMBINE_HIDPI_IMAGES = YES;
				INFOPLIST_FILE = WhyFiMac/Info.plist;
				LD_RUNPATH_SEARCH_PATHS = (
					"$(inherited)",
					"@executable_path/../Frameworks",
				);
				MACOSX_DEPLOYMENT_TARGET = 10.11;
				PRODUCT_BUNDLE_IDENTIFIER = org.ShanghaiTech.WhyFiMac;
				PRODUCT_NAME = "$(TARGET_NAME)";
				SWIFT_OBJC_BRIDGING_HEADER = "WhyFiMac/PlainPing/WhyFiMac-Bridging-Header.h";
				SWIFT_OPTIMIZATION_LEVEL = "-Onone";
				SWIFT_VERSION = 4.0;
			};
			name = Debug;
		};
		E2672FCC20BA88DE0029C019 /* Release */ = {
			isa = XCBuildConfiguration;
			buildSettings = {
				ASSETCATALOG_COMPILER_APPICON_NAME = AppIcon;
				CLANG_ENABLE_MODULES = YES;
				CODE_SIGN_ENTITLEMENTS = WhyFiMac/WhyFiMac.entitlements;
				CODE_SIGN_STYLE = Automatic;
				COMBINE_HIDPI_IMAGES = YES;
				INFOPLIST_FILE = WhyFiMac/Info.plist;
				LD_RUNPATH_SEARCH_PATHS = (
					"$(inherited)",
					"@executable_path/../Frameworks",
				);
				MACOSX_DEPLOYMENT_TARGET = 10.11;
				PRODUCT_BUNDLE_IDENTIFIER = org.ShanghaiTech.WhyFiMac;
				PRODUCT_NAME = "$(TARGET_NAME)";
				SWIFT_OBJC_BRIDGING_HEADER = "WhyFiMac/PlainPing/WhyFiMac-Bridging-Header.h";
				SWIFT_VERSION = 4.0;
			};
			name = Release;
		};
		E2672FCE20BA88DE0029C019 /* Debug */ = {
			isa = XCBuildConfiguration;
			buildSettings = {
				ALWAYS_EMBED_SWIFT_STANDARD_LIBRARIES = YES;
				BUNDLE_LOADER = "$(TEST_HOST)";
				CODE_SIGN_STYLE = Automatic;
				COMBINE_HIDPI_IMAGES = YES;
				INFOPLIST_FILE = WhyFiMacTests/Info.plist;
				LD_RUNPATH_SEARCH_PATHS = (
					"$(inherited)",
					"@executable_path/../Frameworks",
					"@loader_path/../Frameworks",
				);
				PRODUCT_BUNDLE_IDENTIFIER = org.ShanghaiTech.WhyFiMacTests;
				PRODUCT_NAME = "$(TARGET_NAME)";
				SWIFT_VERSION = 4.0;
				TEST_HOST = "$(BUILT_PRODUCTS_DIR)/WhyFiMac.app/Contents/MacOS/WhyFiMac";
			};
			name = Debug;
		};
		E2672FCF20BA88DE0029C019 /* Release */ = {
			isa = XCBuildConfiguration;
			buildSettings = {
				ALWAYS_EMBED_SWIFT_STANDARD_LIBRARIES = YES;
				BUNDLE_LOADER = "$(TEST_HOST)";
				CODE_SIGN_STYLE = Automatic;
				COMBINE_HIDPI_IMAGES = YES;
				INFOPLIST_FILE = WhyFiMacTests/Info.plist;
				LD_RUNPATH_SEARCH_PATHS = (
					"$(inherited)",
					"@executable_path/../Frameworks",
					"@loader_path/../Frameworks",
				);
				PRODUCT_BUNDLE_IDENTIFIER = org.ShanghaiTech.WhyFiMacTests;
				PRODUCT_NAME = "$(TARGET_NAME)";
				SWIFT_VERSION = 4.0;
				TEST_HOST = "$(BUILT_PRODUCTS_DIR)/WhyFiMac.app/Contents/MacOS/WhyFiMac";
			};
			name = Release;
		};
		E2672FD120BA88DE0029C019 /* Debug */ = {
			isa = XCBuildConfiguration;
			buildSettings = {
				ALWAYS_EMBED_SWIFT_STANDARD_LIBRARIES = YES;
				CODE_SIGN_STYLE = Automatic;
				COMBINE_HIDPI_IMAGES = YES;
				INFOPLIST_FILE = WhyFiMacUITests/Info.plist;
				LD_RUNPATH_SEARCH_PATHS = (
					"$(inherited)",
					"@executable_path/../Frameworks",
					"@loader_path/../Frameworks",
				);
				PRODUCT_BUNDLE_IDENTIFIER = org.ShanghaiTech.WhyFiMacUITests;
				PRODUCT_NAME = "$(TARGET_NAME)";
				SWIFT_VERSION = 4.0;
				TEST_TARGET_NAME = WhyFiMac;
			};
			name = Debug;
		};
		E2672FD220BA88DE0029C019 /* Release */ = {
			isa = XCBuildConfiguration;
			buildSettings = {
				ALWAYS_EMBED_SWIFT_STANDARD_LIBRARIES = YES;
				CODE_SIGN_STYLE = Automatic;
				COMBINE_HIDPI_IMAGES = YES;
				INFOPLIST_FILE = WhyFiMacUITests/Info.plist;
				LD_RUNPATH_SEARCH_PATHS = (
					"$(inherited)",
					"@executable_path/../Frameworks",
					"@loader_path/../Frameworks",
				);
				PRODUCT_BUNDLE_IDENTIFIER = org.ShanghaiTech.WhyFiMacUITests;
				PRODUCT_NAME = "$(TARGET_NAME)";
				SWIFT_VERSION = 4.0;
				TEST_TARGET_NAME = WhyFiMac;
			};
			name = Release;
		};
/* End XCBuildConfiguration section */

/* Begin XCConfigurationList section */
		E2672F9F20BA88DD0029C019 /* Build configuration list for PBXProject "WhyFiMac" */ = {
			isa = XCConfigurationList;
			buildConfigurations = (
				E2672FC820BA88DE0029C019 /* Debug */,
				E2672FC920BA88DE0029C019 /* Release */,
			);
			defaultConfigurationIsVisible = 0;
			defaultConfigurationName = Release;
		};
		E2672FCA20BA88DE0029C019 /* Build configuration list for PBXNativeTarget "WhyFiMac" */ = {
			isa = XCConfigurationList;
			buildConfigurations = (
				E2672FCB20BA88DE0029C019 /* Debug */,
				E2672FCC20BA88DE0029C019 /* Release */,
			);
			defaultConfigurationIsVisible = 0;
			defaultConfigurationName = Release;
		};
		E2672FCD20BA88DE0029C019 /* Build configuration list for PBXNativeTarget "WhyFiMacTests" */ = {
			isa = XCConfigurationList;
			buildConfigurations = (
				E2672FCE20BA88DE0029C019 /* Debug */,
				E2672FCF20BA88DE0029C019 /* Release */,
			);
			defaultConfigurationIsVisible = 0;
			defaultConfigurationName = Release;
		};
		E2672FD020BA88DE0029C019 /* Build configuration list for PBXNativeTarget "WhyFiMacUITests" */ = {
			isa = XCConfigurationList;
			buildConfigurations = (
				E2672FD120BA88DE0029C019 /* Debug */,
				E2672FD220BA88DE0029C019 /* Release */,
			);
			defaultConfigurationIsVisible = 0;
			defaultConfigurationName = Release;
		};
/* End XCConfigurationList section */

/* Begin XCRemoteSwiftPackageReference section */
		998835D724A3417400B2CF7A /* XCRemoteSwiftPackageReference "KeychainAccess" */ = {
			isa = XCRemoteSwiftPackageReference;
			repositoryURL = "https://github.com/kishikawakatsumi/KeychainAccess.git";
			requirement = {
				kind = upToNextMajorVersion;
				minimumVersion = 4.2.0;
			};
		};
		998835DA24A3427700B2CF7A /* XCRemoteSwiftPackageReference "SwiftyJSON" */ = {
			isa = XCRemoteSwiftPackageReference;
			repositoryURL = "https://github.com/SwiftyJSON/SwiftyJSON.git";
			requirement = {
				kind = upToNextMajorVersion;
				minimumVersion = 5.0.0;
			};
		};
/* End XCRemoteSwiftPackageReference section */

/* Begin XCSwiftPackageProductDependency section */
		998835D824A3417400B2CF7A /* KeychainAccess */ = {
			isa = XCSwiftPackageProductDependency;
			package = 998835D724A3417400B2CF7A /* XCRemoteSwiftPackageReference "KeychainAccess" */;
			productName = KeychainAccess;
		};
		998835DB24A3427700B2CF7A /* SwiftyJSON */ = {
			isa = XCSwiftPackageProductDependency;
			package = 998835DA24A3427700B2CF7A /* XCRemoteSwiftPackageReference "SwiftyJSON" */;
			productName = SwiftyJSON;
		};
/* End XCSwiftPackageProductDependency section */
	};
	rootObject = E2672F9C20BA88DD0029C019 /* Project object */;
}
